{
  "version": 1,
  "dependencies": {
    "net8.0": {
      "Microsoft.AspNetCore.Authentication.JwtBearer": {
        "type": "Direct",
        "requested": "[8.0.19, )",
        "resolved": "8.0.19",
        "contentHash": "vkGkpvEGGLFHeYhlBqdJiOL/7aYiUmLg2PTfuDDjBDUDb5QTpoeWLNOOoodTlu88J+GluGE+DFF1kd9hxJd5bA==",
        "dependencies": {
          "Microsoft.IdentityModel.Protocols.OpenIdConnect": "7.1.2"
        }
      },
      "Microsoft.IdentityModel.Tokens": {
        "type": "Direct",
        "requested": "[8.14.0, )",
        "resolved": "8.14.0",
        "contentHash": "lKIZiBiGd36k02TCdMHp1KlNWisyIvQxcYJvIkz7P4gSQ9zi8dgh6S5Grj8NNG7HWYIPfQymGyoZ6JB5d1Lo1g==",
        "dependencies": {
          "Microsoft.Extensions.Logging.Abstractions": "8.0.0",
          "Microsoft.IdentityModel.Logging": "8.14.0"
        }
      },
      "Swashbuckle.AspNetCore": {
        "type": "Direct",
        "requested": "[9.0.4, )",
        "resolved": "9.0.4",
        "contentHash": "4hghaogMoS87Ivjj8s7aGuGsxrsjXZpjNvahLsN+zSLrZQcV8zQyiBweBd9AXC1sGkeNYb9/hbeS1EXrZ/hKjQ==",
        "dependencies": {
          "Microsoft.Extensions.ApiDescription.Server": "8.0.0",
          "Swashbuckle.AspNetCore.Swagger": "9.0.4",
          "Swashbuckle.AspNetCore.SwaggerGen": "9.0.4",
          "Swashbuckle.AspNetCore.SwaggerUI": "9.0.4"
        }
      },
      "Swashbuckle.AspNetCore.Annotations": {
        "type": "Direct",
        "requested": "[9.0.4, )",
        "resolved": "9.0.4",
        "contentHash": "3A1WdbCnGiz/h5DcfkU0kPWUvuf3ubOq4G3x/eMLZ+bM0W2PTnS5n/1XS1P125qiFvzDhOyaWNO0U7+ePxeIuA==",
        "dependencies": {
          "Swashbuckle.AspNetCore.SwaggerGen": "9.0.4"
        }
      },
      "System.IdentityModel.Tokens.Jwt": {
        "type": "Direct",
        "requested": "[8.14.0, )",
        "resolved": "8.14.0",
        "contentHash": "EYGgN/S+HK7S6F3GaaPLFAfK0UzMrkXFyWCvXpQWFYmZln3dqtbyIO7VuTM/iIIPMzkelg8ZLlBPvMhxj6nOAA==",
        "dependencies": {
          "Microsoft.IdentityModel.JsonWebTokens": "8.14.0",
          "Microsoft.IdentityModel.Tokens": "8.14.0"
        }
      },
      "CppSharp.Runtime": {
        "type": "Transitive",
        "resolved": "1.1.5.3168",
        "contentHash": "57twYtZo0D0uWByv6fW128A7WwbLgdNCSe8BAzcUMr+MUNMfisjLmas4JOwCfd2mWyZyGvtOCYHwoCSuvWTdzw=="
      },
      "Microsoft.Extensions.ApiDescription.Server": {
        "type": "Transitive",
        "resolved": "8.0.0",
        "contentHash": "jDM3a95WerM8g6IcMiBXq1qRS9dqmEUpgnCk2DeMWpPkYtp1ia+CkXabOnK93JmhVlUmv8l9WMPsCSUm+WqkIA=="
      },
      "Microsoft.Extensions.DependencyInjection.Abstractions": {
        "type": "Transitive",
        "resolved": "8.0.0",
        "contentHash": "cjWrLkJXK0rs4zofsK4bSdg+jhDLTaxrkXu4gS6Y7MAlCvRyNNgwY/lJi5RDlQOnSZweHqoyvgvbdvQsRIW+hg=="
      },
      "Microsoft.Extensions.Logging.Abstractions": {
        "type": "Transitive",
        "resolved": "8.0.0",
        "contentHash": "arDBqTgFCyS0EvRV7O3MZturChstm50OJ0y9bDJvAcmEPJm0FFpFyjU/JLYyStNGGey081DvnQYlncNX5SJJGA==",
        "dependencies": {
          "Microsoft.Extensions.DependencyInjection.Abstractions": "8.0.0"
        }
      },
      "Microsoft.IdentityModel.Abstractions": {
        "type": "Transitive",
        "resolved": "8.14.0",
        "contentHash": "iwbCpSjD3ehfTwBhtSNEtKPK0ICun6ov7Ibx6ISNA9bfwIyzI2Siwyi9eJFCJBwxowK9xcA1mj+jBWiigeqgcQ=="
      },
      "Microsoft.IdentityModel.JsonWebTokens": {
        "type": "Transitive",
        "resolved": "8.14.0",
        "contentHash": "4jOpiA4THdtpLyMdAb24dtj7+6GmvhOhxf5XHLYWmPKF8ApEnApal1UnJsKO4HxUWRXDA6C4WQVfYyqsRhpNpQ==",
        "dependencies": {
          "Microsoft.IdentityModel.Tokens": "8.14.0"
        }
      },
      "Microsoft.IdentityModel.Logging": {
        "type": "Transitive",
        "resolved": "8.14.0",
        "contentHash": "eqqnemdW38CKZEHS6diA50BV94QICozDZEvSrsvN3SJXUFwVB9gy+/oz76gldP7nZliA16IglXjXTCTdmU/Ejg==",
        "dependencies": {
          "Microsoft.IdentityModel.Abstractions": "8.14.0"
        }
      },
      "Microsoft.IdentityModel.Protocols": {
        "type": "Transitive",
        "resolved": "7.1.2",
        "contentHash": "SydLwMRFx6EHPWJ+N6+MVaoArN1Htt92b935O3RUWPY1yUF63zEjvd3lBu79eWdZUwedP8TN2I5V9T3nackvIQ==",
        "dependencies": {
          "Microsoft.IdentityModel.Logging": "7.1.2",
          "Microsoft.IdentityModel.Tokens": "7.1.2"
        }
      },
      "Microsoft.IdentityModel.Protocols.OpenIdConnect": {
        "type": "Transitive",
        "resolved": "7.1.2",
        "contentHash": "6lHQoLXhnMQ42mGrfDkzbIOR3rzKM1W1tgTeMPLgLCqwwGw0d96xFi/UiX/fYsu7d6cD5MJiL3+4HuI8VU+sVQ==",
        "dependencies": {
          "Microsoft.IdentityModel.Protocols": "7.1.2",
          "System.IdentityModel.Tokens.Jwt": "7.1.2"
        }
      },
      "Microsoft.OpenApi": {
        "type": "Transitive",
        "resolved": "1.6.25",
        "contentHash": "ZahSqNGtNV7N0JBYS/IYXPkLVexL/AZFxo6pqxv6A7Uli7Q7zfitNjkaqIcsV73Ukzxi4IlJdyDgcQiMXiH8cw=="
      },
      "Pipelines.Sockets.Unofficial": {
        "type": "Transitive",
        "resolved": "2.2.8",
        "contentHash": "zG2FApP5zxSx6OcdJQLbZDk2AVlN2BNQD6MorwIfV6gVj0RRxWPEp2LXAxqDGZqeNV1Zp0BNPcNaey/GXmTdvQ==",
        "dependencies": {
          "System.IO.Pipelines": "5.0.1"
        }
      },
      "StackExchange.Redis": {
        "type": "Transitive",
        "resolved": "2.8.58",
        "contentHash": "0XGRE2UoF/n2/qhCpcyBBZovpGhHu4hRtkdsx4fZFu1H5Q/Z8Q+U/z/nWwnosWDRJnEasntNatd9Mf+Isc8plg==",
        "dependencies": {
          "Microsoft.Extensions.Logging.Abstractions": "8.0.0",
          "Pipelines.Sockets.Unofficial": "2.2.8"
        }
      },
      "Swashbuckle.AspNetCore.Swagger": {
        "type": "Transitive",
        "resolved": "9.0.4",
        "contentHash": "syU8U4Eg3DfhU+BBeDUh66erwDsYOhp82InXbrOsqWP3qoOfQbBtePcTetkLNanovYHYX40alZBE6gQQFtBZkQ==",
        "dependencies": {
          "Microsoft.OpenApi": "1.6.25"
        }
      },
      "Swashbuckle.AspNetCore.SwaggerGen": {
        "type": "Transitive",
        "resolved": "9.0.4",
        "contentHash": "GnCikaq7kagEckGGsrVnKl2icRQebyr14/7s3T/rQQO7edOIXkxtjTOJZqbazOxaTXBDCDdSInMiYbMQhFnE5Q==",
        "dependencies": {
          "Swashbuckle.AspNetCore.Swagger": "9.0.4"
        }
      },
      "Swashbuckle.AspNetCore.SwaggerUI": {
        "type": "Transitive",
        "resolved": "9.0.4",
        "contentHash": "2ugT2OvZsKHqk/2rMDmuqDuFmtix0NvzlXxAfnfHROVMTovbx7Z0UsOQHZa462DBTgdBFnR2Ss6wm4fypfymdA=="
      },
      "System.IO.Pipelines": {
        "type": "Transitive",
        "resolved": "5.0.1",
        "contentHash": "qEePWsaq9LoEEIqhbGe6D5J8c9IqQOUuTzzV6wn1POlfdLkJliZY3OlB0j0f17uMWlqZYjH7txj+2YbyrIA8Yg=="
      },
      "cowlsharp": {
        "type": "Project",
        "dependencies": {
          "CppSharp.Runtime": "[1.1.5.3168, )"
        }
      },
      "impostor.plugins.semanticannotator.abstractions": {
        "type": "Project",
        "dependencies": {
          "StackExchange.Redis": "[2.8.58, )"
        }
      }
    }
  }
}